
Microsoft Visual Studio Solution File, Format Version 12.00
Project("{2150E333-8FDC-42A3-9474-1A3956D46DE8}") = "Solution Items", "Solution Items", "{DCE76F6F-916B-4ADB-BCAD-5DE8C842C20E}"
	ProjectSection(SolutionItems) = preProject
		compose.yaml = compose.yaml
	EndProjectSection
EndProject
Project("{2150E333-8FDC-42A3-9474-1A3956D46DE8}") = "UserService", "UserService", "{D83DCF02-F5AA-4301-8643-F6ABB6FF7DCD}"
EndProject
Project("{FAE04EC0-301F-11D3-BF4B-00C04F79EFBC}") = "eCommece.Infrastructure", "UserService\eCommece.Infrastructure\eCommece.Infrastructure.csproj", "{CA2EF204-727C-49DA-8FE2-7B81089CA845}"
EndProject
Project("{FAE04EC0-301F-11D3-BF4B-00C04F79EFBC}") = "User.Api", "UserService\User.Api\User.Api.csproj", "{56D113BC-704C-4031-B857-FF4F3ED550C2}"
EndProject
Project("{FAE04EC0-301F-11D3-BF4B-00C04F79EFBC}") = "eCommerce.Core", "UserService\eCommerce.Core\eCommerce.Core.csproj", "{90ABFC03-CF41-47D5-B8D6-70D15178B83C}"
EndProject
Project("{2150E333-8FDC-42A3-9474-1A3956D46DE8}") = "ProductService", "ProductService", "{EB355DC0-C9AB-4A5E-9639-37975C272DCA}"
EndProject
Project("{FAE04EC0-301F-11D3-BF4B-00C04F79EFBC}") = "BusinessLogicLayer", "ProductService\BusinessLogicLayer\BusinessLogicLayer.csproj", "{4934DE0E-3ECC-40B4-8163-7CED7976414E}"
EndProject
Project("{FAE04EC0-301F-11D3-BF4B-00C04F79EFBC}") = "DataAccessLayer", "ProductService\DataAccessLayer\DataAccessLayer.csproj", "{525BF25F-1881-472B-AB61-D22ABBB52507}"
EndProject
Project("{FAE04EC0-301F-11D3-BF4B-00C04F79EFBC}") = "Products.API", "ProductService\Products.API\Products.API.csproj", "{3B66D3ED-AE81-460B-B724-E8D8DDD73A2A}"
EndProject
Global
	GlobalSection(SolutionConfigurationPlatforms) = preSolution
		Debug|Any CPU = Debug|Any CPU
		Release|Any CPU = Release|Any CPU
	EndGlobalSection
	GlobalSection(ProjectConfigurationPlatforms) = postSolution
		{CA2EF204-727C-49DA-8FE2-7B81089CA845}.Debug|Any CPU.ActiveCfg = Debug|Any CPU
		{CA2EF204-727C-49DA-8FE2-7B81089CA845}.Debug|Any CPU.Build.0 = Debug|Any CPU
		{CA2EF204-727C-49DA-8FE2-7B81089CA845}.Release|Any CPU.ActiveCfg = Release|Any CPU
		{CA2EF204-727C-49DA-8FE2-7B81089CA845}.Release|Any CPU.Build.0 = Release|Any CPU
		{56D113BC-704C-4031-B857-FF4F3ED550C2}.Debug|Any CPU.ActiveCfg = Debug|Any CPU
		{56D113BC-704C-4031-B857-FF4F3ED550C2}.Debug|Any CPU.Build.0 = Debug|Any CPU
		{56D113BC-704C-4031-B857-FF4F3ED550C2}.Release|Any CPU.ActiveCfg = Release|Any CPU
		{56D113BC-704C-4031-B857-FF4F3ED550C2}.Release|Any CPU.Build.0 = Release|Any CPU
		{90ABFC03-CF41-47D5-B8D6-70D15178B83C}.Debug|Any CPU.ActiveCfg = Debug|Any CPU
		{90ABFC03-CF41-47D5-B8D6-70D15178B83C}.Debug|Any CPU.Build.0 = Debug|Any CPU
		{90ABFC03-CF41-47D5-B8D6-70D15178B83C}.Release|Any CPU.ActiveCfg = Release|Any CPU
		{90ABFC03-CF41-47D5-B8D6-70D15178B83C}.Release|Any CPU.Build.0 = Release|Any CPU
		{4934DE0E-3ECC-40B4-8163-7CED7976414E}.Debug|Any CPU.ActiveCfg = Debug|Any CPU
		{4934DE0E-3ECC-40B4-8163-7CED7976414E}.Debug|Any CPU.Build.0 = Debug|Any CPU
		{4934DE0E-3ECC-40B4-8163-7CED7976414E}.Release|Any CPU.ActiveCfg = Release|Any CPU
		{4934DE0E-3ECC-40B4-8163-7CED7976414E}.Release|Any CPU.Build.0 = Release|Any CPU
		{525BF25F-1881-472B-AB61-D22ABBB52507}.Debug|Any CPU.ActiveCfg = Debug|Any CPU
		{525BF25F-1881-472B-AB61-D22ABBB52507}.Debug|Any CPU.Build.0 = Debug|Any CPU
		{525BF25F-1881-472B-AB61-D22ABBB52507}.Release|Any CPU.ActiveCfg = Release|Any CPU
		{525BF25F-1881-472B-AB61-D22ABBB52507}.Release|Any CPU.Build.0 = Release|Any CPU
		{3B66D3ED-AE81-460B-B724-E8D8DDD73A2A}.Debug|Any CPU.ActiveCfg = Debug|Any CPU
		{3B66D3ED-AE81-460B-B724-E8D8DDD73A2A}.Debug|Any CPU.Build.0 = Debug|Any CPU
		{3B66D3ED-AE81-460B-B724-E8D8DDD73A2A}.Release|Any CPU.ActiveCfg = Release|Any CPU
		{3B66D3ED-AE81-460B-B724-E8D8DDD73A2A}.Release|Any CPU.Build.0 = Release|Any CPU
	EndGlobalSection
	GlobalSection(NestedProjects) = preSolution
		{CA2EF204-727C-49DA-8FE2-7B81089CA845} = {D83DCF02-F5AA-4301-8643-F6ABB6FF7DCD}
		{56D113BC-704C-4031-B857-FF4F3ED550C2} = {D83DCF02-F5AA-4301-8643-F6ABB6FF7DCD}
		{90ABFC03-CF41-47D5-B8D6-70D15178B83C} = {D83DCF02-F5AA-4301-8643-F6ABB6FF7DCD}
		{4934DE0E-3ECC-40B4-8163-7CED7976414E} = {EB355DC0-C9AB-4A5E-9639-37975C272DCA}
		{525BF25F-1881-472B-AB61-D22ABBB52507} = {EB355DC0-C9AB-4A5E-9639-37975C272DCA}
		{3B66D3ED-AE81-460B-B724-E8D8DDD73A2A} = {EB355DC0-C9AB-4A5E-9639-37975C272DCA}
	EndGlobalSection
EndGlobal
